
Microsoft Visual Studio Solution File, Format Version 12.00
# Visual Studio Version 17
VisualStudioVersion = 17.0.31903.59
MinimumVisualStudioVersion = 10.0.40219.1
Project("{9A19103F-16F7-4668-BE54-9A1E7A4F7556}") = "UniversalWeahterForecast.EntityLayer", "UniversalWeahterForecast.EntityLayer\UniversalWeahterForecast.EntityLayer.csproj", "{123E12AB-DCF1-4672-BAF1-B0D4C98B4AA8}"
EndProject
Project("{9A19103F-16F7-4668-BE54-9A1E7A4F7556}") = "UniversalWeahterForecast.DataAccessLayer", "UniversalWeahterForecast.DataAccessLayer\UniversalWeahterForecast.DataAccessLayer.csproj", "{DC6E0B70-E39A-458E-936D-B362B98A1F8B}"
	ProjectSection(ProjectDependencies) = postProject
		{123E12AB-DCF1-4672-BAF1-B0D4C98B4AA8} = {123E12AB-DCF1-4672-BAF1-B0D4C98B4AA8}
	EndProjectSection
EndProject
Project("{9A19103F-16F7-4668-BE54-9A1E7A4F7556}") = "UniversalWeahterForecast.BusinessLayer", "UniversalWeahterForecast.BusinessLayer\UniversalWeahterForecast.BusinessLayer.csproj", "{02831C6D-5B99-448E-B0BA-8980D70F5D82}"
	ProjectSection(ProjectDependencies) = postProject
		{123E12AB-DCF1-4672-BAF1-B0D4C98B4AA8} = {123E12AB-DCF1-4672-BAF1-B0D4C98B4AA8}
		{DC6E0B70-E39A-458E-936D-B362B98A1F8B} = {DC6E0B70-E39A-458E-936D-B362B98A1F8B}
	EndProjectSection
EndProject
Project("{9A19103F-16F7-4668-BE54-9A1E7A4F7556}") = "UniversalWeahterForecast.WebApi", "UniversalWeahterForecast.WebApi\UniversalWeahterForecast.WebApi.csproj", "{587CD716-26B6-4296-B51C-BC26CE2602EF}"
	ProjectSection(ProjectDependencies) = postProject
		{02831C6D-5B99-448E-B0BA-8980D70F5D82} = {02831C6D-5B99-448E-B0BA-8980D70F5D82}
		{123E12AB-DCF1-4672-BAF1-B0D4C98B4AA8} = {123E12AB-DCF1-4672-BAF1-B0D4C98B4AA8}
		{DC6E0B70-E39A-458E-936D-B362B98A1F8B} = {DC6E0B70-E39A-458E-936D-B362B98A1F8B}
	EndProjectSection
EndProject
Global
	GlobalSection(SolutionConfigurationPlatforms) = preSolution
		Debug|Any CPU = Debug|Any CPU
		Release|Any CPU = Release|Any CPU
	EndGlobalSection
	GlobalSection(ProjectConfigurationPlatforms) = postSolution
		{123E12AB-DCF1-4672-BAF1-B0D4C98B4AA8}.Debug|Any CPU.ActiveCfg = Debug|Any CPU
		{123E12AB-DCF1-4672-BAF1-B0D4C98B4AA8}.Debug|Any CPU.Build.0 = Debug|Any CPU
		{123E12AB-DCF1-4672-BAF1-B0D4C98B4AA8}.Release|Any CPU.ActiveCfg = Release|Any CPU
		{123E12AB-DCF1-4672-BAF1-B0D4C98B4AA8}.Release|Any CPU.Build.0 = Release|Any CPU
		{DC6E0B70-E39A-458E-936D-B362B98A1F8B}.Debug|Any CPU.ActiveCfg = Debug|Any CPU
		{DC6E0B70-E39A-458E-936D-B362B98A1F8B}.Debug|Any CPU.Build.0 = Debug|Any CPU
		{DC6E0B70-E39A-458E-936D-B362B98A1F8B}.Release|Any CPU.ActiveCfg = Release|Any CPU
		{DC6E0B70-E39A-458E-936D-B362B98A1F8B}.Release|Any CPU.Build.0 = Release|Any CPU
		{02831C6D-5B99-448E-B0BA-8980D70F5D82}.Debug|Any CPU.ActiveCfg = Debug|Any CPU
		{02831C6D-5B99-448E-B0BA-8980D70F5D82}.Debug|Any CPU.Build.0 = Debug|Any CPU
		{02831C6D-5B99-448E-B0BA-8980D70F5D82}.Release|Any CPU.ActiveCfg = Release|Any CPU
		{02831C6D-5B99-448E-B0BA-8980D70F5D82}.Release|Any CPU.Build.0 = Release|Any CPU
		{587CD716-26B6-4296-B51C-BC26CE2602EF}.Debug|Any CPU.ActiveCfg = Debug|Any CPU
		{587CD716-26B6-4296-B51C-BC26CE2602EF}.Debug|Any CPU.Build.0 = Debug|Any CPU
		{587CD716-26B6-4296-B51C-BC26CE2602EF}.Release|Any CPU.ActiveCfg = Release|Any CPU
		{587CD716-26B6-4296-B51C-BC26CE2602EF}.Release|Any CPU.Build.0 = Release|Any CPU
	EndGlobalSection
	GlobalSection(SolutionProperties) = preSolution
		HideSolutionNode = FALSE
	EndGlobalSection
	GlobalSection(ExtensibilityGlobals) = postSolution
		SolutionGuid = {6863B276-791E-473F-AEEB-EE287F6E3D48}
	EndGlobalSection
EndGlobal
